// !$*UTF8*$!
{
	archiveVersion = 1;
	classes = {
	};
	objectVersion = 56;
	objects = {

/* Begin PBXBuildFile section */
		040E4ECC6D9B33E78ACEFCFE /* Pods_PokeProfile.framework in Frameworks */ = {isa = PBXBuildFile; fileRef = 92CA04E1420D63E0406E5877 /* Pods_PokeProfile.framework */; };
		AB3FB6AC2D8D10EA00C9580B /* MBProgressHUD.m in Sources */ = {isa = PBXBuildFile; fileRef = AB3FB6AA2D8D10EA00C9580B /* MBProgressHUD.m */; };
		AB62FC3F2D8954DD007B1572 /* AppDelegate.swift in Sources */ = {isa = PBXBuildFile; fileRef = AB62FC3E2D8954DD007B1572 /* AppDelegate.swift */; };
		AB62FC412D8954DD007B1572 /* SceneDelegate.swift in Sources */ = {isa = PBXBuildFile; fileRef = AB62FC402D8954DD007B1572 /* SceneDelegate.swift */; };
		AB62FC432D8954DD007B1572 /* ViewController.swift in Sources */ = {isa = PBXBuildFile; fileRef = AB62FC422D8954DD007B1572 /* ViewController.swift */; };
		AB62FC462D8954DD007B1572 /* Base in Resources */ = {isa = PBXBuildFile; fileRef = AB62FC452D8954DD007B1572 /* Base */; };
		AB62FC482D8954DE007B1572 /* Assets.xcassets in Resources */ = {isa = PBXBuildFile; fileRef = AB62FC472D8954DE007B1572 /* Assets.xcassets */; };
		AB62FC4B2D8954DE007B1572 /* Base in Resources */ = {isa = PBXBuildFile; fileRef = AB62FC4A2D8954DE007B1572 /* Base */; };
		AB6E21422D89602D009493D0 /* LoginViewController.swift in Sources */ = {isa = PBXBuildFile; fileRef = AB6E21412D89602D009493D0 /* LoginViewController.swift */; };
		AB6E21442D896044009493D0 /* LandingViewController.swift in Sources */ = {isa = PBXBuildFile; fileRef = AB6E21432D896044009493D0 /* LandingViewController.swift */; };
		AB6E21492D89617A009493D0 /* HomeViewController.swift in Sources */ = {isa = PBXBuildFile; fileRef = AB6E21482D89617A009493D0 /* HomeViewController.swift */; };
		AB6E214B2D89618E009493D0 /* ProfileViewController.swift in Sources */ = {isa = PBXBuildFile; fileRef = AB6E214A2D89618E009493D0 /* ProfileViewController.swift */; };
		AB6E214D2D896306009493D0 /* HomeViewModel.swift in Sources */ = {isa = PBXBuildFile; fileRef = AB6E214C2D896306009493D0 /* HomeViewModel.swift */; };
		AB6E214F2D896343009493D0 /* ProfileViewModel.swift in Sources */ = {isa = PBXBuildFile; fileRef = AB6E214E2D896343009493D0 /* ProfileViewModel.swift */; };
		ABEB84AB2D8AAB9000B12200 /* User.swift in Sources */ = {isa = PBXBuildFile; fileRef = ABEB84AA2D8AAB9000B12200 /* User.swift */; };
		ABEB84AD2D8AABD000B12200 /* LoginViewModel.swift in Sources */ = {isa = PBXBuildFile; fileRef = ABEB84AC2D8AABD000B12200 /* LoginViewModel.swift */; };
		ABEB84B02D8AC95D00B12200 /* SQLiteDatabase.swift in Sources */ = {isa = PBXBuildFile; fileRef = ABEB84AF2D8AC95D00B12200 /* SQLiteDatabase.swift */; };
		ABEB84B22D8AC9E800B12200 /* SQLiteCommands.swift in Sources */ = {isa = PBXBuildFile; fileRef = ABEB84B12D8AC9E800B12200 /* SQLiteCommands.swift */; };
		ABEB84DC2D8B388400B12200 /* Pokemon.swift in Sources */ = {isa = PBXBuildFile; fileRef = ABEB84DB2D8B388400B12200 /* Pokemon.swift */; };
		ABEB84DE2D8B424500B12200 /* CustomCell.swift in Sources */ = {isa = PBXBuildFile; fileRef = ABEB84DD2D8B424500B12200 /* CustomCell.swift */; };
		ABEB84E02D8BFCED00B12200 /* PokemonDetailViewController.swift in Sources */ = {isa = PBXBuildFile; fileRef = ABEB84DF2D8BFCED00B12200 /* PokemonDetailViewController.swift */; };
/* End PBXBuildFile section */

/* Begin PBXFileReference section */
		53A13B64AB252BA2850C3D42 /* Pods-PokeProfile.release.xcconfig */ = {isa = PBXFileReference; includeInIndex = 1; lastKnownFileType = text.xcconfig; name = "Pods-PokeProfile.release.xcconfig"; path = "Target Support Files/Pods-PokeProfile/Pods-PokeProfile.release.xcconfig"; sourceTree = "<group>"; };
		92CA04E1420D63E0406E5877 /* Pods_PokeProfile.framework */ = {isa = PBXFileReference; explicitFileType = wrapper.framework; includeInIndex = 0; path = Pods_PokeProfile.framework; sourceTree = BUILT_PRODUCTS_DIR; };
		AB3FB6A92D8D10E900C9580B /* PokeProfile-Bridging-Header.h */ = {isa = PBXFileReference; lastKnownFileType = sourcecode.c.h; path = "PokeProfile-Bridging-Header.h"; sourceTree = "<group>"; };
		AB3FB6AA2D8D10EA00C9580B /* MBProgressHUD.m */ = {isa = PBXFileReference; fileEncoding = 4; lastKnownFileType = sourcecode.c.objc; path = MBProgressHUD.m; sourceTree = "<group>"; };
		AB3FB6AB2D8D10EA00C9580B /* MBProgressHUD.h */ = {isa = PBXFileReference; fileEncoding = 4; lastKnownFileType = sourcecode.c.h; path = MBProgressHUD.h; sourceTree = "<group>"; };
		AB62FC3B2D8954DD007B1572 /* PokeProfile.app */ = {isa = PBXFileReference; explicitFileType = wrapper.application; includeInIndex = 0; path = PokeProfile.app; sourceTree = BUILT_PRODUCTS_DIR; };
		AB62FC3E2D8954DD007B1572 /* AppDelegate.swift */ = {isa = PBXFileReference; lastKnownFileType = sourcecode.swift; path = AppDelegate.swift; sourceTree = "<group>"; };
		AB62FC402D8954DD007B1572 /* SceneDelegate.swift */ = {isa = PBXFileReference; lastKnownFileType = sourcecode.swift; path = SceneDelegate.swift; sourceTree = "<group>"; };
		AB62FC422D8954DD007B1572 /* ViewController.swift */ = {isa = PBXFileReference; lastKnownFileType = sourcecode.swift; path = ViewController.swift; sourceTree = "<group>"; };
		AB62FC452D8954DD007B1572 /* Base */ = {isa = PBXFileReference; lastKnownFileType = file.storyboard; name = Base; path = Base.lproj/Main.storyboard; sourceTree = "<group>"; };
		AB62FC472D8954DE007B1572 /* Assets.xcassets */ = {isa = PBXFileReference; lastKnownFileType = folder.assetcatalog; path = Assets.xcassets; sourceTree = "<group>"; };
		AB62FC4A2D8954DE007B1572 /* Base */ = {isa = PBXFileReference; lastKnownFileType = file.storyboard; name = Base; path = Base.lproj/LaunchScreen.storyboard; sourceTree = "<group>"; };
		AB62FC4C2D8954DE007B1572 /* Info.plist */ = {isa = PBXFileReference; lastKnownFileType = text.plist.xml; path = Info.plist; sourceTree = "<group>"; };
		AB6E21412D89602D009493D0 /* LoginViewController.swift */ = {isa = PBXFileReference; lastKnownFileType = sourcecode.swift; path = LoginViewController.swift; sourceTree = "<group>"; };
		AB6E21432D896044009493D0 /* LandingViewController.swift */ = {isa = PBXFileReference; lastKnownFileType = sourcecode.swift; path = LandingViewController.swift; sourceTree = "<group>"; };
		AB6E21482D89617A009493D0 /* HomeViewController.swift */ = {isa = PBXFileReference; lastKnownFileType = sourcecode.swift; path = HomeViewController.swift; sourceTree = "<group>"; };
		AB6E214A2D89618E009493D0 /* ProfileViewController.swift */ = {isa = PBXFileReference; lastKnownFileType = sourcecode.swift; path = ProfileViewController.swift; sourceTree = "<group>"; };
		AB6E214C2D896306009493D0 /* HomeViewModel.swift */ = {isa = PBXFileReference; lastKnownFileType = sourcecode.swift; path = HomeViewModel.swift; sourceTree = "<group>"; };
		AB6E214E2D896343009493D0 /* ProfileViewModel.swift */ = {isa = PBXFileReference; lastKnownFileType = sourcecode.swift; path = ProfileViewModel.swift; sourceTree = "<group>"; };
		ABEB84AA2D8AAB9000B12200 /* User.swift */ = {isa = PBXFileReference; lastKnownFileType = sourcecode.swift; path = User.swift; sourceTree = "<group>"; };
		ABEB84AC2D8AABD000B12200 /* LoginViewModel.swift */ = {isa = PBXFileReference; lastKnownFileType = sourcecode.swift; path = LoginViewModel.swift; sourceTree = "<group>"; };
		ABEB84AF2D8AC95D00B12200 /* SQLiteDatabase.swift */ = {isa = PBXFileReference; lastKnownFileType = sourcecode.swift; path = SQLiteDatabase.swift; sourceTree = "<group>"; };
		ABEB84B12D8AC9E800B12200 /* SQLiteCommands.swift */ = {isa = PBXFileReference; lastKnownFileType = sourcecode.swift; path = SQLiteCommands.swift; sourceTree = "<group>"; };
		ABEB84DB2D8B388400B12200 /* Pokemon.swift */ = {isa = PBXFileReference; lastKnownFileType = sourcecode.swift; path = Pokemon.swift; sourceTree = "<group>"; };
		ABEB84DD2D8B424500B12200 /* CustomCell.swift */ = {isa = PBXFileReference; lastKnownFileType = sourcecode.swift; path = CustomCell.swift; sourceTree = "<group>"; };
		ABEB84DF2D8BFCED00B12200 /* PokemonDetailViewController.swift */ = {isa = PBXFileReference; lastKnownFileType = sourcecode.swift; path = PokemonDetailViewController.swift; sourceTree = "<group>"; };
		D74C59E939210887B178624F /* Pods-PokeProfile.debug.xcconfig */ = {isa = PBXFileReference; includeInIndex = 1; lastKnownFileType = text.xcconfig; name = "Pods-PokeProfile.debug.xcconfig"; path = "Target Support Files/Pods-PokeProfile/Pods-PokeProfile.debug.xcconfig"; sourceTree = "<group>"; };
/* End PBXFileReference section */

/* Begin PBXFrameworksBuildPhase section */
		AB62FC382D8954DD007B1572 /* Frameworks */ = {
			isa = PBXFrameworksBuildPhase;
			buildActionMask = 2147483647;
			files = (
				040E4ECC6D9B33E78ACEFCFE /* Pods_PokeProfile.framework in Frameworks */,
			);
			runOnlyForDeploymentPostprocessing = 0;
		};
/* End PBXFrameworksBuildPhase section */

/* Begin PBXGroup section */
		AB3FB6A82D8D10CB00C9580B /* Support */ = {
			isa = PBXGroup;
			children = (
				AB3FB6AB2D8D10EA00C9580B /* MBProgressHUD.h */,
				AB3FB6AA2D8D10EA00C9580B /* MBProgressHUD.m */,
				AB62FC3E2D8954DD007B1572 /* AppDelegate.swift */,
				AB62FC402D8954DD007B1572 /* SceneDelegate.swift */,
				AB62FC442D8954DD007B1572 /* Main.storyboard */,
				AB62FC472D8954DE007B1572 /* Assets.xcassets */,
				AB62FC492D8954DE007B1572 /* LaunchScreen.storyboard */,
				AB3FB6A92D8D10E900C9580B /* PokeProfile-Bridging-Header.h */,
			);
			path = Support;
			sourceTree = "<group>";
		};
		AB62FC322D8954DD007B1572 = {
			isa = PBXGroup;
			children = (
				AB62FC3D2D8954DD007B1572 /* PokeProfile */,
				AB62FC3C2D8954DD007B1572 /* Products */,
				CE2997C1291D98D8F2D30CEF /* Pods */,
				CFE541D0BCBC28BE8C863B5D /* Frameworks */,
			);
			sourceTree = "<group>";
		};
		AB62FC3C2D8954DD007B1572 /* Products */ = {
			isa = PBXGroup;
			children = (
				AB62FC3B2D8954DD007B1572 /* PokeProfile.app */,
			);
			name = Products;
			sourceTree = "<group>";
		};
		AB62FC3D2D8954DD007B1572 /* PokeProfile */ = {
			isa = PBXGroup;
			children = (
				ABEB84AE2D8AC94C00B12200 /* SQLiteDatasource */,
				ABEB84A92D8AAB8400B12200 /* Models */,
				AB6E213F2D895EA9009493D0 /* ViewModels */,
				AB6E21402D895EA9009493D0 /* Views */,
				AB3FB6A82D8D10CB00C9580B /* Support */,
				AB62FC4C2D8954DE007B1572 /* Info.plist */,
			);
			path = PokeProfile;
			sourceTree = "<group>";
		};
		AB6E213F2D895EA9009493D0 /* ViewModels */ = {
			isa = PBXGroup;
			children = (
				AB6E214C2D896306009493D0 /* HomeViewModel.swift */,
				AB6E214E2D896343009493D0 /* ProfileViewModel.swift */,
				ABEB84AC2D8AABD000B12200 /* LoginViewModel.swift */,
			);
			path = ViewModels;
			sourceTree = "<group>";
		};
		AB6E21402D895EA9009493D0 /* Views */ = {
			isa = PBXGroup;
			children = (
				AB62FC422D8954DD007B1572 /* ViewController.swift */,
				AB6E21412D89602D009493D0 /* LoginViewController.swift */,
				AB6E21432D896044009493D0 /* LandingViewController.swift */,
				AB6E21482D89617A009493D0 /* HomeViewController.swift */,
				ABEB84DF2D8BFCED00B12200 /* PokemonDetailViewController.swift */,
				AB6E214A2D89618E009493D0 /* ProfileViewController.swift */,
				ABEB84DD2D8B424500B12200 /* CustomCell.swift */,
			);
			path = Views;
			sourceTree = "<group>";
		};
		ABEB84A92D8AAB8400B12200 /* Models */ = {
			isa = PBXGroup;
			children = (
				ABEB84AA2D8AAB9000B12200 /* User.swift */,
				ABEB84DB2D8B388400B12200 /* Pokemon.swift */,
			);
			path = Models;
			sourceTree = "<group>";
		};
		ABEB84AE2D8AC94C00B12200 /* SQLiteDatasource */ = {
			isa = PBXGroup;
			children = (
				ABEB84AF2D8AC95D00B12200 /* SQLiteDatabase.swift */,
				ABEB84B12D8AC9E800B12200 /* SQLiteCommands.swift */,
			);
			path = SQLiteDatasource;
			sourceTree = "<group>";
		};
		CE2997C1291D98D8F2D30CEF /* Pods */ = {
			isa = PBXGroup;
			children = (
				D74C59E939210887B178624F /* Pods-PokeProfile.debug.xcconfig */,
				53A13B64AB252BA2850C3D42 /* Pods-PokeProfile.release.xcconfig */,
			);
			path = Pods;
			sourceTree = "<group>";
		};
		CFE541D0BCBC28BE8C863B5D /* Frameworks */ = {
			isa = PBXGroup;
			children = (
				92CA04E1420D63E0406E5877 /* Pods_PokeProfile.framework */,
			);
			name = Frameworks;
			sourceTree = "<group>";
		};
/* End PBXGroup section */

/* Begin PBXNativeTarget section */
		AB62FC3A2D8954DD007B1572 /* PokeProfile */ = {
			isa = PBXNativeTarget;
			buildConfigurationList = AB62FC4F2D8954DE007B1572 /* Build configuration list for PBXNativeTarget "PokeProfile" */;
			buildPhases = (
				4BFB05B4429EF71E01786616 /* [CP] Check Pods Manifest.lock */,
				AB62FC372D8954DD007B1572 /* Sources */,
				AB62FC382D8954DD007B1572 /* Frameworks */,
				AB62FC392D8954DD007B1572 /* Resources */,
				0AF86BB3BBC59649437FFB7D /* [CP] Embed Pods Frameworks */,
			);
			buildRules = (
			);
			dependencies = (
			);
			name = PokeProfile;
			productName = PokeProfile;
			productReference = AB62FC3B2D8954DD007B1572 /* PokeProfile.app */;
			productType = "com.apple.product-type.application";
		};
/* End PBXNativeTarget section */

/* Begin PBXProject section */
		AB62FC332D8954DD007B1572 /* Project object */ = {
			isa = PBXProject;
			attributes = {
				BuildIndependentTargetsInParallel = 1;
				LastSwiftUpdateCheck = 1530;
				LastUpgradeCheck = 1530;
				TargetAttributes = {
					AB62FC3A2D8954DD007B1572 = {
						CreatedOnToolsVersion = 15.3;
						LastSwiftMigration = 1530;
					};
				};
			};
			buildConfigurationList = AB62FC362D8954DD007B1572 /* Build configuration list for PBXProject "PokeProfile" */;
			compatibilityVersion = "Xcode 14.0";
			developmentRegion = en;
			hasScannedForEncodings = 0;
			knownRegions = (
				en,
				Base,
			);
			mainGroup = AB62FC322D8954DD007B1572;
			productRefGroup = AB62FC3C2D8954DD007B1572 /* Products */;
			projectDirPath = "";
			projectRoot = "";
			targets = (
				AB62FC3A2D8954DD007B1572 /* PokeProfile */,
			);
		};
/* End PBXProject section */

/* Begin PBXResourcesBuildPhase section */
		AB62FC392D8954DD007B1572 /* Resources */ = {
			isa = PBXResourcesBuildPhase;
			buildActionMask = 2147483647;
			files = (
				AB62FC482D8954DE007B1572 /* Assets.xcassets in Resources */,
				AB62FC4B2D8954DE007B1572 /* Base in Resources */,
				AB62FC462D8954DD007B1572 /* Base in Resources */,
			);
			runOnlyForDeploymentPostprocessing = 0;
		};
/* End PBXResourcesBuildPhase section */

/* Begin PBXShellScriptBuildPhase section */
		0AF86BB3BBC59649437FFB7D /* [CP] Embed Pods Frameworks */ = {
			isa = PBXShellScriptBuildPhase;
			buildActionMask = 2147483647;
			files = (
			);
			inputFileListPaths = (
				"${PODS_ROOT}/Target Support Files/Pods-PokeProfile/Pods-PokeProfile-frameworks-${CONFIGURATION}-input-files.xcfilelist",
			);
			name = "[CP] Embed Pods Frameworks";
			outputFileListPaths = (
				"${PODS_ROOT}/Target Support Files/Pods-PokeProfile/Pods-PokeProfile-frameworks-${CONFIGURATION}-output-files.xcfilelist",
			);
			runOnlyForDeploymentPostprocessing = 0;
			shellPath = /bin/sh;
			shellScript = "\"${PODS_ROOT}/Target Support Files/Pods-PokeProfile/Pods-PokeProfile-frameworks.sh\"\n";
			showEnvVarsInLog = 0;
		};
		4BFB05B4429EF71E01786616 /* [CP] Check Pods Manifest.lock */ = {
			isa = PBXShellScriptBuildPhase;
			buildActionMask = 2147483647;
			files = (
			);
			inputFileListPaths = (
			);
			inputPaths = (
				"${PODS_PODFILE_DIR_PATH}/Podfile.lock",
				"${PODS_ROOT}/Manifest.lock",
			);
			name = "[CP] Check Pods Manifest.lock";
			outputFileListPaths = (
			);
			outputPaths = (
				"$(DERIVED_FILE_DIR)/Pods-PokeProfile-checkManifestLockResult.txt",
			);
			runOnlyForDeploymentPostprocessing = 0;
			shellPath = /bin/sh;
			shellScript = "diff \"${PODS_PODFILE_DIR_PATH}/Podfile.lock\" \"${PODS_ROOT}/Manifest.lock\" > /dev/null\nif [ $? != 0 ] ; then\n    # print error to STDERR\n    echo \"error: The sandbox is not in sync with the Podfile.lock. Run 'pod install' or update your CocoaPods installation.\" >&2\n    exit 1\nfi\n# This output is used by Xcode 'outputs' to avoid re-running this script phase.\necho \"SUCCESS\" > \"${SCRIPT_OUTPUT_FILE_0}\"\n";
			showEnvVarsInLog = 0;
		};
/* End PBXShellScriptBuildPhase section */

/* Begin PBXSourcesBuildPhase section */
		AB62FC372D8954DD007B1572 /* Sources */ = {
			isa = PBXSourcesBuildPhase;
			buildActionMask = 2147483647;
			files = (
				AB6E21422D89602D009493D0 /* LoginViewController.swift in Sources */,
				AB62FC432D8954DD007B1572 /* ViewController.swift in Sources */,
				ABEB84B02D8AC95D00B12200 /* SQLiteDatabase.swift in Sources */,
				ABEB84AD2D8AABD000B12200 /* LoginViewModel.swift in Sources */,
				AB62FC3F2D8954DD007B1572 /* AppDelegate.swift in Sources */,
				ABEB84E02D8BFCED00B12200 /* PokemonDetailViewController.swift in Sources */,
				AB6E214F2D896343009493D0 /* ProfileViewModel.swift in Sources */,
				AB3FB6AC2D8D10EA00C9580B /* MBProgressHUD.m in Sources */,
				AB6E214D2D896306009493D0 /* HomeViewModel.swift in Sources */,
				ABEB84DE2D8B424500B12200 /* CustomCell.swift in Sources */,
				ABEB84DC2D8B388400B12200 /* Pokemon.swift in Sources */,
				AB6E21442D896044009493D0 /* LandingViewController.swift in Sources */,
				AB6E214B2D89618E009493D0 /* ProfileViewController.swift in Sources */,
				AB62FC412D8954DD007B1572 /* SceneDelegate.swift in Sources */,
				ABEB84AB2D8AAB9000B12200 /* User.swift in Sources */,
				AB6E21492D89617A009493D0 /* HomeViewController.swift in Sources */,
				ABEB84B22D8AC9E800B12200 /* SQLiteCommands.swift in Sources */,
			);
			runOnlyForDeploymentPostprocessing = 0;
		};
/* End PBXSourcesBuildPhase section */

/* Begin PBXVariantGroup section */
		AB62FC442D8954DD007B1572 /* Main.storyboard */ = {
			isa = PBXVariantGroup;
			children = (
				AB62FC452D8954DD007B1572 /* Base */,
			);
			name = Main.storyboard;
			sourceTree = "<group>";
		};
		AB62FC492D8954DE007B1572 /* LaunchScreen.storyboard */ = {
			isa = PBXVariantGroup;
			children = (
				AB62FC4A2D8954DE007B1572 /* Base */,
			);
			name = LaunchScreen.storyboard;
			sourceTree = "<group>";
		};
/* End PBXVariantGroup section */

/* Begin XCBuildConfiguration section */
		AB62FC4D2D8954DE007B1572 /* Debug */ = {
			isa = XCBuildConfiguration;
			buildSettings = {
				ALWAYS_SEARCH_USER_PATHS = NO;
				ASSETCATALOG_COMPILER_GENERATE_SWIFT_ASSET_SYMBOL_EXTENSIONS = YES;
				CLANG_ANALYZER_NONNULL = YES;
				CLANG_ANALYZER_NUMBER_OBJECT_CONVERSION = YES_AGGRESSIVE;
				CLANG_CXX_LANGUAGE_STANDARD = "gnu++20";
				CLANG_ENABLE_MODULES = YES;
				CLANG_ENABLE_OBJC_ARC = YES;
				CLANG_ENABLE_OBJC_WEAK = YES;
				CLANG_WARN_BLOCK_CAPTURE_AUTORELEASING = YES;
				CLANG_WARN_BOOL_CONVERSION = YES;
				CLANG_WARN_COMMA = YES;
				CLANG_WARN_CONSTANT_CONVERSION = YES;
				CLANG_WARN_DEPRECATED_OBJC_IMPLEMENTATIONS = YES;
				CLANG_WARN_DIRECT_OBJC_ISA_USAGE = YES_ERROR;
				CLANG_WARN_DOCUMENTATION_COMMENTS = YES;
				CLANG_WARN_EMPTY_BODY = YES;
				CLANG_WARN_ENUM_CONVERSION = YES;
				CLANG_WARN_INFINITE_RECURSION = YES;
				CLANG_WARN_INT_CONVERSION = YES;
				CLANG_WARN_NON_LITERAL_NULL_CONVERSION = YES;
				CLANG_WARN_OBJC_IMPLICIT_RETAIN_SELF = YES;
				CLANG_WARN_OBJC_LITERAL_CONVERSION = YES;
				CLANG_WARN_OBJC_ROOT_CLASS = YES_ERROR;
				CLANG_WARN_QUOTED_INCLUDE_IN_FRAMEWORK_HEADER = YES;
				CLANG_WARN_RANGE_LOOP_ANALYSIS = YES;
				CLANG_WARN_STRICT_PROTOTYPES = YES;
				CLANG_WARN_SUSPICIOUS_MOVE = YES;
				CLANG_WARN_UNGUARDED_AVAILABILITY = YES_AGGRESSIVE;
				CLANG_WARN_UNREACHABLE_CODE = YES;
				CLANG_WARN__DUPLICATE_METHOD_MATCH = YES;
				COPY_PHASE_STRIP = NO;
				DEBUG_INFORMATION_FORMAT = dwarf;
				ENABLE_STRICT_OBJC_MSGSEND = YES;
				ENABLE_TESTABILITY = YES;
				ENABLE_USER_SCRIPT_SANDBOXING = YES;
				GCC_C_LANGUAGE_STANDARD = gnu17;
				GCC_DYNAMIC_NO_PIC = NO;
				GCC_NO_COMMON_BLOCKS = YES;
				GCC_OPTIMIZATION_LEVEL = 0;
				GCC_PREPROCESSOR_DEFINITIONS = (
					"DEBUG=1",
					"$(inherited)",
				);
				GCC_WARN_64_TO_32_BIT_CONVERSION = YES;
				GCC_WARN_ABOUT_RETURN_TYPE = YES_ERROR;
				GCC_WARN_UNDECLARED_SELECTOR = YES;
				GCC_WARN_UNINITIALIZED_AUTOS = YES_AGGRESSIVE;
				GCC_WARN_UNUSED_FUNCTION = YES;
				GCC_WARN_UNUSED_VARIABLE = YES;
				IPHONEOS_DEPLOYMENT_TARGET = 17.4;
				LOCALIZATION_PREFERS_STRING_CATALOGS = YES;
				MTL_ENABLE_DEBUG_INFO = INCLUDE_SOURCE;
				MTL_FAST_MATH = YES;
				ONLY_ACTIVE_ARCH = YES;
				SDKROOT = iphoneos;
				SWIFT_ACTIVE_COMPILATION_CONDITIONS = "DEBUG $(inherited)";
				SWIFT_OPTIMIZATION_LEVEL = "-Onone";
			};
			name = Debug;
		};
		AB62FC4E2D8954DE007B1572 /* Release */ = {
			isa = XCBuildConfiguration;
			buildSettings = {
				ALWAYS_SEARCH_USER_PATHS = NO;
				ASSETCATALOG_COMPILER_GENERATE_SWIFT_ASSET_SYMBOL_EXTENSIONS = YES;
				CLANG_ANALYZER_NONNULL = YES;
				CLANG_ANALYZER_NUMBER_OBJECT_CONVERSION = YES_AGGRESSIVE;
				CLANG_CXX_LANGUAGE_STANDARD = "gnu++20";
				CLANG_ENABLE_MODULES = YES;
				CLANG_ENABLE_OBJC_ARC = YES;
				CLANG_ENABLE_OBJC_WEAK = YES;
				CLANG_WARN_BLOCK_CAPTURE_AUTORELEASING = YES;
				CLANG_WARN_BOOL_CONVERSION = YES;
				CLANG_WARN_COMMA = YES;
				CLANG_WARN_CONSTANT_CONVERSION = YES;
				CLANG_WARN_DEPRECATED_OBJC_IMPLEMENTATIONS = YES;
				CLANG_WARN_DIRECT_OBJC_ISA_USAGE = YES_ERROR;
				CLANG_WARN_DOCUMENTATION_COMMENTS = YES;
				CLANG_WARN_EMPTY_BODY = YES;
				CLANG_WARN_ENUM_CONVERSION = YES;
				CLANG_WARN_INFINITE_RECURSION = YES;
				CLANG_WARN_INT_CONVERSION = YES;
				CLANG_WARN_NON_LITERAL_NULL_CONVERSION = YES;
				CLANG_WARN_OBJC_IMPLICIT_RETAIN_SELF = YES;
				CLANG_WARN_OBJC_LITERAL_CONVERSION = YES;
				CLANG_WARN_OBJC_ROOT_CLASS = YES_ERROR;
				CLANG_WARN_QUOTED_INCLUDE_IN_FRAMEWORK_HEADER = YES;
				CLANG_WARN_RANGE_LOOP_ANALYSIS = YES;
				CLANG_WARN_STRICT_PROTOTYPES = YES;
				CLANG_WARN_SUSPICIOUS_MOVE = YES;
				CLANG_WARN_UNGUARDED_AVAILABILITY = YES_AGGRESSIVE;
				CLANG_WARN_UNREACHABLE_CODE = YES;
				CLANG_WARN__DUPLICATE_METHOD_MATCH = YES;
				COPY_PHASE_STRIP = NO;
				DEBUG_INFORMATION_FORMAT = "dwarf-with-dsym";
				ENABLE_NS_ASSERTIONS = NO;
				ENABLE_STRICT_OBJC_MSGSEND = YES;
				ENABLE_USER_SCRIPT_SANDBOXING = YES;
				GCC_C_LANGUAGE_STANDARD = gnu17;
				GCC_NO_COMMON_BLOCKS = YES;
				GCC_WARN_64_TO_32_BIT_CONVERSION = YES;
				GCC_WARN_ABOUT_RETURN_TYPE = YES_ERROR;
				GCC_WARN_UNDECLARED_SELECTOR = YES;
				GCC_WARN_UNINITIALIZED_AUTOS = YES_AGGRESSIVE;
				GCC_WARN_UNUSED_FUNCTION = YES;
				GCC_WARN_UNUSED_VARIABLE = YES;
				IPHONEOS_DEPLOYMENT_TARGET = 17.4;
				LOCALIZATION_PREFERS_STRING_CATALOGS = YES;
				MTL_ENABLE_DEBUG_INFO = NO;
				MTL_FAST_MATH = YES;
				SDKROOT = iphoneos;
				SWIFT_COMPILATION_MODE = wholemodule;
				VALIDATE_PRODUCT = YES;
			};
			name = Release;
		};
		AB62FC502D8954DE007B1572 /* Debug */ = {
			isa = XCBuildConfiguration;
			baseConfigurationReference = D74C59E939210887B178624F /* Pods-PokeProfile.debug.xcconfig */;
			buildSettings = {
				ASSETCATALOG_COMPILER_APPICON_NAME = AppIcon;
				ASSETCATALOG_COMPILER_GLOBAL_ACCENT_COLOR_NAME = AccentColor;
				CLANG_ENABLE_MODULES = YES;
				CODE_SIGN_STYLE = Automatic;
				CURRENT_PROJECT_VERSION = 1;
				DEVELOPMENT_TEAM = L62ZSF9D69;
				ENABLE_USER_SCRIPT_SANDBOXING = NO;
				GENERATE_INFOPLIST_FILE = YES;
				INFOPLIST_FILE = PokeProfile/Info.plist;
				INFOPLIST_KEY_UIApplicationSupportsIndirectInputEvents = YES;
				INFOPLIST_KEY_UILaunchStoryboardName = LaunchScreen;
				INFOPLIST_KEY_UIMainStoryboardFile = Main;
				INFOPLIST_KEY_UISupportedInterfaceOrientations_iPad = "UIInterfaceOrientationPortrait UIInterfaceOrientationPortraitUpsideDown UIInterfaceOrientationLandscapeLeft UIInterfaceOrientationLandscapeRight";
				INFOPLIST_KEY_UISupportedInterfaceOrientations_iPhone = "UIInterfaceOrientationPortrait UIInterfaceOrientationLandscapeLeft UIInterfaceOrientationLandscapeRight";
				LD_RUNPATH_SEARCH_PATHS = (
					"$(inherited)",
					"@executable_path/Frameworks",
				);
				MARKETING_VERSION = 1.0;
				PRODUCT_BUNDLE_IDENTIFIER = com.bimbim.PokeProfile;
				PRODUCT_NAME = "$(TARGET_NAME)";
				SWIFT_EMIT_LOC_STRINGS = YES;
				SWIFT_OBJC_BRIDGING_HEADER = "PokeProfile/Support/PokeProfile-Bridging-Header.h";
				SWIFT_OPTIMIZATION_LEVEL = "-Onone";
				SWIFT_VERSION = 5.0;
				TARGETED_DEVICE_FAMILY = "1,2";
			};
			name = Debug;
		};
		AB62FC512D8954DE007B1572 /* Release */ = {
			isa = XCBuildConfiguration;
			baseConfigurationReference = 53A13B64AB252BA2850C3D42 /* Pods-PokeProfile.release.xcconfig */;
			buildSettings = {
				ASSETCATALOG_COMPILER_APPICON_NAME = AppIcon;
				ASSETCATALOG_COMPILER_GLOBAL_ACCENT_COLOR_NAME = AccentColor;
				CLANG_ENABLE_MODULES = YES;
				CODE_SIGN_STYLE = Automatic;
				CURRENT_PROJECT_VERSION = 1;
				DEVELOPMENT_TEAM = L62ZSF9D69;
				ENABLE_USER_SCRIPT_SANDBOXING = NO;
				GENERATE_INFOPLIST_FILE = YES;
				INFOPLIST_FILE = PokeProfile/Info.plist;
				INFOPLIST_KEY_UIApplicationSupportsIndirectInputEvents = YES;
				INFOPLIST_KEY_UILaunchStoryboardName = LaunchScreen;
				INFOPLIST_KEY_UIMainStoryboardFile = Main;
				INFOPLIST_KEY_UISupportedInterfaceOrientations_iPad = "UIInterfaceOrientationPortrait UIInterfaceOrientationPortraitUpsideDown UIInterfaceOrientationLandscapeLeft UIInterfaceOrientationLandscapeRight";
				INFOPLIST_KEY_UISupportedInterfaceOrientations_iPhone = "UIInterfaceOrientationPortrait UIInterfaceOrientationLandscapeLeft UIInterfaceOrientationLandscapeRight";
				LD_RUNPATH_SEARCH_PATHS = (
					"$(inherited)",
					"@executable_path/Frameworks",
				);
				MARKETING_VERSION = 1.0;
				PRODUCT_BUNDLE_IDENTIFIER = com.bimbim.PokeProfile;
				PRODUCT_NAME = "$(TARGET_NAME)";
				SWIFT_EMIT_LOC_STRINGS = YES;
				SWIFT_OBJC_BRIDGING_HEADER = "PokeProfile/Support/PokeProfile-Bridging-Header.h";
				SWIFT_VERSION = 5.0;
				TARGETED_DEVICE_FAMILY = "1,2";
			};
			name = Release;
		};
/* End XCBuildConfiguration section */

/* Begin XCConfigurationList section */
		AB62FC362D8954DD007B1572 /* Build configuration list for PBXProject "PokeProfile" */ = {
			isa = XCConfigurationList;
			buildConfigurations = (
				AB62FC4D2D8954DE007B1572 /* Debug */,
				AB62FC4E2D8954DE007B1572 /* Release */,
			);
			defaultConfigurationIsVisible = 0;
			defaultConfigurationName = Release;
		};
		AB62FC4F2D8954DE007B1572 /* Build configuration list for PBXNativeTarget "PokeProfile" */ = {
			isa = XCConfigurationList;
			buildConfigurations = (
				AB62FC502D8954DE007B1572 /* Debug */,
				AB62FC512D8954DE007B1572 /* Release */,
			);
			defaultConfigurationIsVisible = 0;
			defaultConfigurationName = Release;
		};
/* End XCConfigurationList section */
	};
	rootObject = AB62FC332D8954DD007B1572 /* Project object */;
}
